
Microsoft Visual Studio Solution File, Format Version 12.00
# Visual Studio Version 17
Project("{8BC9CEB8-8B4A-11D0-8D11-00A0C91BC942}") = "ALL_BUILD", "ALL_BUILD.vcxproj", "{FB0F4657-FBCE-3AB7-B564-79E575C0E083}"
	ProjectSection(ProjectDependencies) = postProject
		{CEFB4273-3E81-3695-B245-0C1A902AB4C1} = {CEFB4273-3E81-3695-B245-0C1A902AB4C1}
		{F76641F8-2945-3394-9BA0-D3541718DDF7} = {F76641F8-2945-3394-9BA0-D3541718DDF7}
	EndProjectSection
EndProject
Project("{8BC9CEB8-8B4A-11D0-8D11-00A0C91BC942}") = "Tutorial", "Tutorial.vcxproj", "{CEFB4273-3E81-3695-B245-0C1A902AB4C1}"
	ProjectSection(ProjectDependencies) = postProject
		{F76641F8-2945-3394-9BA0-D3541718DDF7} = {F76641F8-2945-3394-9BA0-D3541718DDF7}
	EndProjectSection
EndProject
Project("{8BC9CEB8-8B4A-11D0-8D11-00A0C91BC942}") = "ZERO_CHECK", "ZERO_CHECK.vcxproj", "{F76641F8-2945-3394-9BA0-D3541718DDF7}"
	ProjectSection(ProjectDependencies) = postProject
	EndProjectSection
EndProject
Global
	GlobalSection(SolutionConfigurationPlatforms) = preSolution
		Debug|x64 = Debug|x64
		Release|x64 = Release|x64
		MinSizeRel|x64 = MinSizeRel|x64
		RelWithDebInfo|x64 = RelWithDebInfo|x64
	EndGlobalSection
	GlobalSection(ProjectConfigurationPlatforms) = postSolution
		{FB0F4657-FBCE-3AB7-B564-79E575C0E083}.Debug|x64.ActiveCfg = Debug|x64
		{FB0F4657-FBCE-3AB7-B564-79E575C0E083}.Release|x64.ActiveCfg = Release|x64
		{FB0F4657-FBCE-3AB7-B564-79E575C0E083}.MinSizeRel|x64.ActiveCfg = MinSizeRel|x64
		{FB0F4657-FBCE-3AB7-B564-79E575C0E083}.RelWithDebInfo|x64.ActiveCfg = RelWithDebInfo|x64
		{CEFB4273-3E81-3695-B245-0C1A902AB4C1}.Debug|x64.ActiveCfg = Debug|x64
		{CEFB4273-3E81-3695-B245-0C1A902AB4C1}.Debug|x64.Build.0 = Debug|x64
		{CEFB4273-3E81-3695-B245-0C1A902AB4C1}.Release|x64.ActiveCfg = Release|x64
		{CEFB4273-3E81-3695-B245-0C1A902AB4C1}.Release|x64.Build.0 = Release|x64
		{CEFB4273-3E81-3695-B245-0C1A902AB4C1}.MinSizeRel|x64.ActiveCfg = MinSizeRel|x64
		{CEFB4273-3E81-3695-B245-0C1A902AB4C1}.MinSizeRel|x64.Build.0 = MinSizeRel|x64
		{CEFB4273-3E81-3695-B245-0C1A902AB4C1}.RelWithDebInfo|x64.ActiveCfg = RelWithDebInfo|x64
		{CEFB4273-3E81-3695-B245-0C1A902AB4C1}.RelWithDebInfo|x64.Build.0 = RelWithDebInfo|x64
		{F76641F8-2945-3394-9BA0-D3541718DDF7}.Debug|x64.ActiveCfg = Debug|x64
		{F76641F8-2945-3394-9BA0-D3541718DDF7}.Debug|x64.Build.0 = Debug|x64
		{F76641F8-2945-3394-9BA0-D3541718DDF7}.Release|x64.ActiveCfg = Release|x64
		{F76641F8-2945-3394-9BA0-D3541718DDF7}.Release|x64.Build.0 = Release|x64
		{F76641F8-2945-3394-9BA0-D3541718DDF7}.MinSizeRel|x64.ActiveCfg = MinSizeRel|x64
		{F76641F8-2945-3394-9BA0-D3541718DDF7}.MinSizeRel|x64.Build.0 = MinSizeRel|x64
		{F76641F8-2945-3394-9BA0-D3541718DDF7}.RelWithDebInfo|x64.ActiveCfg = RelWithDebInfo|x64
		{F76641F8-2945-3394-9BA0-D3541718DDF7}.RelWithDebInfo|x64.Build.0 = RelWithDebInfo|x64
	EndGlobalSection
	GlobalSection(ExtensibilityGlobals) = postSolution
		SolutionGuid = {DA7420FE-8167-314B-B4F6-4331383FB29F}
	EndGlobalSection
	GlobalSection(ExtensibilityAddIns) = postSolution
	EndGlobalSection
EndGlobal
