
Microsoft Visual Studio Solution File, Format Version 12.00
# Visual Studio Version 16
VisualStudioVersion = 16.0.31515.178
MinimumVisualStudioVersion = 10.0.40219.1
Project("{8BC9CEB8-8B4A-11D0-8D11-00A0C91BC942}") = "RemoteControlServer", "RemoteControlServer\RemoteControlServer.vcxproj", "{D5D7E2C6-C162-4951-AC39-78BE0800A31A}"
EndProject
Global
	GlobalSection(SolutionConfigurationPlatforms) = preSolution
		Debug|x64 = Debug|x64
		Debug|x86 = Debug|x86
		Release|x64 = Release|x64
		Release|x86 = Release|x86
	EndGlobalSection
	GlobalSection(ProjectConfigurationPlatforms) = postSolution
		{D5D7E2C6-C162-4951-AC39-78BE0800A31A}.Debug|x64.ActiveCfg = Debug|x64
		{D5D7E2C6-C162-4951-AC39-78BE0800A31A}.Debug|x64.Build.0 = Debug|x64
		{D5D7E2C6-C162-4951-AC39-78BE0800A31A}.Debug|x86.ActiveCfg = Debug|Win32
		{D5D7E2C6-C162-4951-AC39-78BE0800A31A}.Debug|x86.Build.0 = Debug|Win32
		{D5D7E2C6-C162-4951-AC39-78BE0800A31A}.Release|x64.ActiveCfg = Release|x64
		{D5D7E2C6-C162-4951-AC39-78BE0800A31A}.Release|x64.Build.0 = Release|x64
		{D5D7E2C6-C162-4951-AC39-78BE0800A31A}.Release|x86.ActiveCfg = Release|Win32
		{D5D7E2C6-C162-4951-AC39-78BE0800A31A}.Release|x86.Build.0 = Release|Win32
	EndGlobalSection
	GlobalSection(SolutionProperties) = preSolution
		HideSolutionNode = FALSE
	EndGlobalSection
	GlobalSection(ExtensibilityGlobals) = postSolution
		SolutionGuid = {CBBD73C1-E859-4AE4-82E0-0C30B6CD287C}
	EndGlobalSection
EndGlobal
